
Microsoft Visual Studio Solution File, Format Version 12.00
# Visual Studio Version 17
VisualStudioVersion = 17.5.33424.131
MinimumVisualStudioVersion = 10.0.40219.1
Project("{FAE04EC0-301F-11D3-BF4B-00C04F79EFBC}") = "PhanMemQuanLyShopQuanAo", "PhanMemQuanLyShopQuanAo\PhanMemQuanLyShopQuanAo.csproj", "{E4ACDC06-9548-46E5-9716-B28C53464DF9}"
EndProject
Global
	GlobalSection(SolutionConfigurationPlatforms) = preSolution
		Debug|Any CPU = Debug|Any CPU
		Release|Any CPU = Release|Any CPU
	EndGlobalSection
	GlobalSection(ProjectConfigurationPlatforms) = postSolution
		{E4ACDC06-9548-46E5-9716-B28C53464DF9}.Debug|Any CPU.ActiveCfg = Debug|Any CPU
		{E4ACDC06-9548-46E5-9716-B28C53464DF9}.Debug|Any CPU.Build.0 = Debug|Any CPU
		{E4ACDC06-9548-46E5-9716-B28C53464DF9}.Release|Any CPU.ActiveCfg = Release|Any CPU
		{E4ACDC06-9548-46E5-9716-B28C53464DF9}.Release|Any CPU.Build.0 = Release|Any CPU
	EndGlobalSection
	GlobalSection(SolutionProperties) = preSolution
		HideSolutionNode = FALSE
	EndGlobalSection
	GlobalSection(ExtensibilityGlobals) = postSolution
		SolutionGuid = {FA9AFCDA-5848-4236-8AA8-F38CDB0A48A1}
	EndGlobalSection
EndGlobal
